{
  "version": 4,
  "terraform_version": "1.12.1",
  "serial": 38,
  "lineage": "2e863829-d267-f838-3c43-7c0da409ef85",
  "outputs": {},
  "resources": [
    {
      "module": "module.do",
      "mode": "managed",
      "type": "digitalocean_droplet",
      "name": "do_vm",
      "provider": "module.do.provider[\"registry.terraform.io/digitalocean/digitalocean\"]",
      "instances": [
        {
          "schema_version": 1,
          "attributes": {
            "backup_policy": [],
            "backups": false,
            "created_at": "2025-06-13T11:05:35Z",
            "disk": 25,
            "droplet_agent": null,
            "graceful_shutdown": false,
            "id": "502014742",
            "image": "ubuntu-22-04-x64",
            "ipv4_address": "143.244.136.46",
            "ipv4_address_private": "10.122.0.4",
            "ipv6": false,
            "ipv6_address": "",
            "locked": false,
            "memory": 1024,
            "monitoring": false,
            "name": "do-ubuntu-vm",
            "price_hourly": 0.00893,
            "price_monthly": 6,
            "private_networking": true,
            "region": "blr1",
            "resize_disk": true,
            "size": "s-1vcpu-1gb",
            "ssh_keys": [
              "48436012"
            ],
            "status": "active",
            "tags": null,
            "timeouts": null,
            "urn": "do:droplet:502014742",
            "user_data": "e3f9624dd57e5480354c3a88ed94330bf2171a9b",
            "vcpus": 1,
            "volume_ids": [],
            "vpc_uuid": "f3053eef-f59a-4d11-9c29-1c0ab16da968"
          },
          "sensitive_attributes": [],
          "identity_schema_version": 0,
          "private": "eyJlMmJmYjczMC1lY2FhLTExZTYtOGY4OC0zNDM2M2JjN2M0YzAiOnsiY3JlYXRlIjozNjAwMDAwMDAwMDAwLCJkZWxldGUiOjYwMDAwMDAwMDAwLCJ1cGRhdGUiOjM2MDAwMDAwMDAwMDB9LCJzY2hlbWFfdmVyc2lvbiI6IjEifQ==",
          "dependencies": [
            "module.do.digitalocean_ssh_key.default"
          ]
        }
      ]
    },
    {
      "module": "module.do",
      "mode": "managed",
      "type": "digitalocean_ssh_key",
      "name": "default",
      "provider": "module.do.provider[\"registry.terraform.io/digitalocean/digitalocean\"]",
      "instances": [
        {
          "schema_version": 0,
          "attributes": {
            "fingerprint": "37:20:87:2e:ae:2a:30:98:b2:be:ca:a4:e9:d3:ae:1b",
            "id": "48436012",
            "name": "taskease-key-20250613110533",
            "public_key": "ssh-rsa AAAAB3NzaC1yc2EAAAADAQABAAACAQDHLNDhmcBIvoJfLx71tP8UoeakiI0ImsT194fARLcqisXrBLbAukuzHYPn4omNJn+MqAbbbiLLURt+0bmGSi3Ja6/NuKhcIOgGxB/L0IH/wy3B+KZHg6bZgyeHksn5GmOA8GCXFnXS0bk5xC/IKtFCAznsVNIgVKLZ3BPMQPggFgac5uBBiEjAXhlLoJvZvGcll4offQgBFN2kprvDkDT48gBdR0PeJOIvkdriOTmOQuwzjweiUy9/eRu1xYWAieSCj286UYWvLYxYouRczyyvIEq+OBrlr4qIuG4C8AFDnsnK17yl9wD1bwutv4oBXD8WOgrFNBp6AWQ/WBo8+YqIvq08qDC2R0Lp8nuCEHwWULiASgELUa3kRdtH1t3RhFj9fhQjWCZZI0PqjNZZfmnltwSuOkizD0qbnkNKhKP5fZceubrOIi4NwOPjVi/cOQKAxMlUR/yoFxRsgji525Zbw9lOGay/r58e5gfnrrKTfo+2FJkJ1yylu5n44v0xZ4W3rpsolzH+1a3zyivObJjBrA5HXvolVFlVCDsJBzZLTo9A6SPfZguQKEZJH7C4Li8T2GNOKjEcEcbH2kbnJSP5IH27wNnOlQo5tqGZd5RNgKkyyQ/yyNHPl/2x6mn7j89uKEiV2uuVIst9zMo+RmthPS3YcuiuXM2d09ub8FhkpQ==\n",
            "timeouts": null
          },
          "sensitive_attributes": [],
          "identity_schema_version": 0,
          "private": "eyJlMmJmYjczMC1lY2FhLTExZTYtOGY4OC0zNDM2M2JjN2M0YzAiOnsiY3JlYXRlIjoxMjAwMDAwMDAwMDB9fQ=="
        }
      ]
    },
    {
      "module": "module.gcp",
      "mode": "managed",
      "type": "google_compute_instance",
      "name": "gcp_vm",
      "provider": "provider[\"registry.terraform.io/hashicorp/google\"]",
      "instances": [
        {
          "schema_version": 6,
          "attributes": {
            "advanced_machine_features": [],
            "allow_stopping_for_update": null,
            "attached_disk": [],
            "boot_disk": [
              {
                "auto_delete": true,
                "device_name": "persistent-disk-0",
                "disk_encryption_key_raw": "",
                "disk_encryption_key_sha256": "",
                "initialize_params": [
                  {
                    "enable_confidential_compute": false,
                    "image": "https://www.googleapis.com/compute/v1/projects/ubuntu-os-cloud/global/images/ubuntu-2204-jammy-v20250606",
                    "labels": {},
                    "provisioned_iops": 0,
                    "provisioned_throughput": 0,
                    "resource_manager_tags": null,
                    "size": 10,
                    "storage_pool": "",
                    "type": "pd-standard"
                  }
                ],
                "kms_key_self_link": "",
                "mode": "READ_WRITE",
                "source": "https://www.googleapis.com/compute/v1/projects/symbolic-folio-462408-j2/zones/us-central1-a/disks/gcp-ubuntu-vm"
              }
            ],
            "can_ip_forward": false,
            "confidential_instance_config": [],
            "cpu_platform": "AMD Rome",
            "current_status": "RUNNING",
            "deletion_protection": false,
            "description": "",
            "desired_status": null,
            "effective_labels": {},
            "enable_display": false,
            "guest_accelerator": [],
            "hostname": "",
            "id": "projects/symbolic-folio-462408-j2/zones/us-central1-a/instances/gcp-ubuntu-vm",
            "instance_id": "7298516814825371885",
            "label_fingerprint": "42WmSpB8rSM=",
            "labels": null,
            "machine_type": "e2-micro",
            "metadata": {
              "ssh-keys": "ubuntu:ssh-rsa AAAAB3NzaC1yc2EAAAADAQABAAACAQDHLNDhmcBIvoJfLx71tP8UoeakiI0ImsT194fARLcqisXrBLbAukuzHYPn4omNJn+MqAbbbiLLURt+0bmGSi3Ja6/NuKhcIOgGxB/L0IH/wy3B+KZHg6bZgyeHksn5GmOA8GCXFnXS0bk5xC/IKtFCAznsVNIgVKLZ3BPMQPggFgac5uBBiEjAXhlLoJvZvGcll4offQgBFN2kprvDkDT48gBdR0PeJOIvkdriOTmOQuwzjweiUy9/eRu1xYWAieSCj286UYWvLYxYouRczyyvIEq+OBrlr4qIuG4C8AFDnsnK17yl9wD1bwutv4oBXD8WOgrFNBp6AWQ/WBo8+YqIvq08qDC2R0Lp8nuCEHwWULiASgELUa3kRdtH1t3RhFj9fhQjWCZZI0PqjNZZfmnltwSuOkizD0qbnkNKhKP5fZceubrOIi4NwOPjVi/cOQKAxMlUR/yoFxRsgji525Zbw9lOGay/r58e5gfnrrKTfo+2FJkJ1yylu5n44v0xZ4W3rpsolzH+1a3zyivObJjBrA5HXvolVFlVCDsJBzZLTo9A6SPfZguQKEZJH7C4Li8T2GNOKjEcEcbH2kbnJSP5IH27wNnOlQo5tqGZd5RNgKkyyQ/yyNHPl/2x6mn7j89uKEiV2uuVIst9zMo+RmthPS3YcuiuXM2d09ub8FhkpQ==\n"
            },
            "metadata_fingerprint": "irl7xRWRdxQ=",
            "metadata_startup_script": "#!/bin/bash\r\nset -e\r\necho \"Starting server setup...\"\r\n    \r\n# Update system\r\nsudo apt-get update\r\nsudo apt-get upgrade -y\r\n    \r\n# Remove any existing nginx\r\nsudo apt-get remove -y nginx nginx-common nginx-full\r\nsudo apt-get autoremove -y\r\n    \r\n# Install nginx\r\nsudo apt-get install -y nginx\r\n    \r\n# Create web directory with proper permissions\r\nsudo mkdir -p /var/www/html\r\nsudo chown -R www-data:www-data /var/www/html\r\n    \r\n# Start and enable nginx\r\nsudo systemctl daemon-reload\r\nsudo systemctl enable nginx\r\nsudo systemctl start nginx\r\n    \r\n# Wait for nginx to be fully started\r\nwhile ! sudo systemctl is-active --quiet nginx; do\r\n  sleep 5\r\ndone\r\n    \r\n# Create a test file to verify nginx is working\r\necho \"\u003chtml\u003e\u003cbody\u003e\u003ch1\u003eNginx is working!\u003c/h1\u003e\u003c/body\u003e\u003c/html\u003e\" | sudo tee /var/www/html/index.html\r\nsudo chown www-data:www-data /var/www/html/index.html\r\n",
            "min_cpu_platform": "",
            "name": "gcp-ubuntu-vm",
            "network_interface": [
              {
                "access_config": [
                  {
                    "nat_ip": "104.198.44.77",
                    "network_tier": "PREMIUM",
                    "public_ptr_domain_name": ""
                  }
                ],
                "alias_ip_range": [],
                "internal_ipv6_prefix_length": 0,
                "ipv6_access_config": [],
                "ipv6_access_type": "",
                "ipv6_address": "",
                "name": "nic0",
                "network": "https://www.googleapis.com/compute/v1/projects/symbolic-folio-462408-j2/global/networks/default",
                "network_ip": "10.128.0.25",
                "nic_type": "",
                "queue_count": 0,
                "stack_type": "IPV4_ONLY",
                "subnetwork": "https://www.googleapis.com/compute/v1/projects/symbolic-folio-462408-j2/regions/us-central1/subnetworks/default",
                "subnetwork_project": "symbolic-folio-462408-j2"
              }
            ],
            "network_performance_config": [],
            "params": [],
            "project": "symbolic-folio-462408-j2",
            "reservation_affinity": [],
            "resource_policies": null,
            "scheduling": [
              {
                "automatic_restart": true,
                "instance_termination_action": "",
                "local_ssd_recovery_timeout": [],
                "max_run_duration": [],
                "min_node_cpus": 0,
                "node_affinities": [],
                "on_host_maintenance": "MIGRATE",
                "on_instance_stop_action": [],
                "preemptible": false,
                "provisioning_model": "STANDARD"
              }
            ],
            "scratch_disk": [],
            "self_link": "https://www.googleapis.com/compute/v1/projects/symbolic-folio-462408-j2/zones/us-central1-a/instances/gcp-ubuntu-vm",
            "service_account": [],
            "shielded_instance_config": [
              {
                "enable_integrity_monitoring": true,
                "enable_secure_boot": false,
                "enable_vtpm": true
              }
            ],
            "tags": null,
            "tags_fingerprint": "42WmSpB8rSM=",
            "terraform_labels": {},
            "timeouts": null,
            "zone": "us-central1-a"
          },
          "sensitive_attributes": [
            [
              {
                "type": "get_attr",
                "value": "boot_disk"
              },
              {
                "type": "index",
                "value": {
                  "value": 0,
                  "type": "number"
                }
              },
              {
                "type": "get_attr",
                "value": "disk_encryption_key_raw"
              }
            ]
          ],
          "identity_schema_version": 0,
          "private": "eyJlMmJmYjczMC1lY2FhLTExZTYtOGY4OC0zNDM2M2JjN2M0YzAiOnsiY3JlYXRlIjoxMjAwMDAwMDAwMDAwLCJkZWxldGUiOjEyMDAwMDAwMDAwMDAsInVwZGF0ZSI6MTIwMDAwMDAwMDAwMH0sInNjaGVtYV92ZXJzaW9uIjoiNiJ9"
        }
      ]
    }
  ],
  "check_results": null
}
